("quicklisp" .
 (:class qlot/source/dist:source-dist
  :initargs (:distribution "http://beta.quicklisp.org/dist/quicklisp.txt" :%version :latest)
  :version "2022-11-07"))
("utopian" .
 (:class qlot/source/git:source-git
  :initargs (:remote-url "https://github.com/fukamachi/utopian")
  :version "git-c6ad73d5a9bba245ad7b747e7764c94e3ea0ba23"))
("woo" .
 (:class qlot/source/git:source-git
  :initargs (:remote-url "https://github.com/fukamachi/woo")
  :version "git-181a838bc92d9fe224219bdd7e833f13159d5f95"))
("lack" .
 (:class qlot/source/git:source-git
  :initargs (:remote-url "https://github.com/fukamachi/lack")
  :version "git-22b37656799f534286f5c645602358bdcc7c1803"))
("clack" .
 (:class qlot/source/git:source-git
  :initargs (:remote-url "https://github.com/fukamachi/clack")
  :version "git-39b4d1381e48c4e06236259e51f6fc742950d20d"))
("apispec" .
 (:class qlot/source/git:source-git
  :initargs (:remote-url "https://github.com/cxxxr/apispec" :branch "develop")
  :version "git-0f93705b8d75a555d69bce79dced53a1a73f9297"))
("mito" .
 (:class qlot/source/git:source-git
  :initargs (:remote-url "https://github.com/fukamachi/mito")
  :version "git-840082bf4c2740ac043c7ea1f0814c53b8c6f0d7"))
("mito-auth" .
 (:class qlot/source/git:source-git
  :initargs (:remote-url "https://github.com/fukamachi/mito-auth")
  :version "git-1105f1cd3314f71677b969b7d553bcb8e3adc1e5"))
("mito-attachment" .
 (:class qlot/source/git:source-git
  :initargs (:remote-url "https://github.com/fukamachi/mito-attachment" :branch "fix/zs3-ignore-bucket-name")
  :version "git-5dd58e13cc26ae2dc80066d4db276ce21907e809"))
("sxql" .
 (:class qlot/source/git:source-git
  :initargs (:remote-url "https://github.com/fukamachi/sxql")
  :version "git-cc3478cacb0557475a59cf619dad66c5dc8080ba"))
("cl-dbi" .
 (:class qlot/source/git:source-git
  :initargs (:remote-url "https://github.com/fukamachi/cl-dbi")
  :version "git-325c76dad69a48e9fe2ac68b50f195b00a00c805"))
("postmodern" .
 (:class qlot/source/ql:source-ql
  :initargs (:%version :latest)
  :version "ql-2022-11-07"))
("cl-fluent-logger" .
 (:class qlot/source/git:source-git
  :initargs (:remote-url "https://github.com/fukamachi/cl-fluent-logger" :branch "async-write")
  :version "git-732f09d4a0b8b3415697920304095d546f3b5a8c"))
("uuid" .
 (:class qlot/source/git:source-git
  :initargs (:remote-url "https://github.com/pokepay/uuid" :branch "v4-ironclad-urandom")
  :version "git-f0d8e0577a564ce80b3e13a1a67d074ded02c8da"))
("repl-utilities" .
 (:class qlot/source/git:source-git
  :initargs (:remote-url "https://github.com/m-n/repl-utilities.git")
  :version "git-7e300df663177ea4581f4e7e9c601377881dd986"))
("cl-interpol" .
 (:class qlot/source/git:source-git
  :initargs (:remote-url "https://github.com/edicl/cl-interpol")
  :version "git-d4f49d45257be1512db238a5c740e69a5964e93b"))
("cl-debug-print" .
 (:class qlot/source/ql:source-ql
  :initargs (:%version :latest)
  :version "ql-2022-11-07"))
("rove" .
 (:class qlot/source/git:source-git
  :initargs (:remote-url "https://github.com/fukamachi/rove")
  :version "git-9db9778f0c78393686aefea4691740447e9445d3"))
